
Microsoft Visual Studio Solution File, Format Version 12.00
# Visual Studio Version 17
VisualStudioVersion = 17.4.33403.182
MinimumVisualStudioVersion = 10.0.40219.1
Project("{8BC9CEB8-8B4A-11D0-8D11-00A0C91BC942}") = "Flow", "Flow\Flow.vcxproj", "{5F52B759-DD2D-4EC2-9F6A-CB3F0BF57CF2}"
EndProject
Project("{8BC9CEB8-8B4A-11D0-8D11-00A0C91BC942}") = "FlowTests", "FlowTests\FlowTests.vcxproj", "{EB2C967C-D936-430B-BD7B-82663215E8EB}"
EndProject
Global
	GlobalSection(SolutionConfigurationPlatforms) = preSolution
		Debug|x64 = Debug|x64
		Debug|x86 = Debug|x86
		Release|x64 = Release|x64
		Release|x86 = Release|x86
	EndGlobalSection
	GlobalSection(ProjectConfigurationPlatforms) = postSolution
		{5F52B759-DD2D-4EC2-9F6A-CB3F0BF57CF2}.Debug|x64.ActiveCfg = Debug|x64
		{5F52B759-DD2D-4EC2-9F6A-CB3F0BF57CF2}.Debug|x64.Build.0 = Debug|x64
		{5F52B759-DD2D-4EC2-9F6A-CB3F0BF57CF2}.Debug|x86.ActiveCfg = Debug|Win32
		{5F52B759-DD2D-4EC2-9F6A-CB3F0BF57CF2}.Debug|x86.Build.0 = Debug|Win32
		{5F52B759-DD2D-4EC2-9F6A-CB3F0BF57CF2}.Release|x64.ActiveCfg = Release|x64
		{5F52B759-DD2D-4EC2-9F6A-CB3F0BF57CF2}.Release|x64.Build.0 = Release|x64
		{5F52B759-DD2D-4EC2-9F6A-CB3F0BF57CF2}.Release|x86.ActiveCfg = Release|Win32
		{5F52B759-DD2D-4EC2-9F6A-CB3F0BF57CF2}.Release|x86.Build.0 = Release|Win32
		{EB2C967C-D936-430B-BD7B-82663215E8EB}.Debug|x64.ActiveCfg = Debug|x64
		{EB2C967C-D936-430B-BD7B-82663215E8EB}.Debug|x64.Build.0 = Debug|x64
		{EB2C967C-D936-430B-BD7B-82663215E8EB}.Debug|x86.ActiveCfg = Debug|Win32
		{EB2C967C-D936-430B-BD7B-82663215E8EB}.Debug|x86.Build.0 = Debug|Win32
		{EB2C967C-D936-430B-BD7B-82663215E8EB}.Release|x64.ActiveCfg = Release|x64
		{EB2C967C-D936-430B-BD7B-82663215E8EB}.Release|x64.Build.0 = Release|x64
		{EB2C967C-D936-430B-BD7B-82663215E8EB}.Release|x86.ActiveCfg = Release|Win32
		{EB2C967C-D936-430B-BD7B-82663215E8EB}.Release|x86.Build.0 = Release|Win32
	EndGlobalSection
	GlobalSection(SolutionProperties) = preSolution
		HideSolutionNode = FALSE
	EndGlobalSection
	GlobalSection(ExtensibilityGlobals) = postSolution
		SolutionGuid = {AFACFF3C-2EFD-4FAB-8DFC-2AF58005E012}
	EndGlobalSection
EndGlobal
