
Microsoft Visual Studio Solution File, Format Version 12.00
# Visual Studio Version 17
VisualStudioVersion = 17.0.32126.317
MinimumVisualStudioVersion = 10.0.40219.1
Project("{8BC9CEB8-8B4A-11D0-8D11-00A0C91BC942}") = "Combinations", "Combinations\Combinations.vcxproj", "{D43BCB01-EFEF-4AED-B9BD-E46DDCA2AC68}"
EndProject
Project("{8BC9CEB8-8B4A-11D0-8D11-00A0C91BC942}") = "PartialPermutation", "PartialPermutation\PartialPermutation.vcxproj", "{27EC3352-3BF1-4F3F-933A-B928B88CD7DC}"
EndProject
Project("{8BC9CEB8-8B4A-11D0-8D11-00A0C91BC942}") = "Subsets", "Subsets\Subsets.vcxproj", "{8798CFFD-64C3-458D-A774-27DF0A33F350}"
EndProject
Project("{8BC9CEB8-8B4A-11D0-8D11-00A0C91BC942}") = "Compositions", "Compositions\Compositions.vcxproj", "{1FDD17C1-3F4C-4FBC-863E-2388B345A162}"
EndProject
Global
	GlobalSection(SolutionConfigurationPlatforms) = preSolution
		Debug|x64 = Debug|x64
		Debug|x86 = Debug|x86
		Release|x64 = Release|x64
		Release|x86 = Release|x86
	EndGlobalSection
	GlobalSection(ProjectConfigurationPlatforms) = postSolution
		{D43BCB01-EFEF-4AED-B9BD-E46DDCA2AC68}.Debug|x64.ActiveCfg = Debug|x64
		{D43BCB01-EFEF-4AED-B9BD-E46DDCA2AC68}.Debug|x64.Build.0 = Debug|x64
		{D43BCB01-EFEF-4AED-B9BD-E46DDCA2AC68}.Debug|x86.ActiveCfg = Debug|Win32
		{D43BCB01-EFEF-4AED-B9BD-E46DDCA2AC68}.Debug|x86.Build.0 = Debug|Win32
		{D43BCB01-EFEF-4AED-B9BD-E46DDCA2AC68}.Release|x64.ActiveCfg = Release|x64
		{D43BCB01-EFEF-4AED-B9BD-E46DDCA2AC68}.Release|x64.Build.0 = Release|x64
		{D43BCB01-EFEF-4AED-B9BD-E46DDCA2AC68}.Release|x86.ActiveCfg = Release|Win32
		{D43BCB01-EFEF-4AED-B9BD-E46DDCA2AC68}.Release|x86.Build.0 = Release|Win32
		{27EC3352-3BF1-4F3F-933A-B928B88CD7DC}.Debug|x64.ActiveCfg = Debug|x64
		{27EC3352-3BF1-4F3F-933A-B928B88CD7DC}.Debug|x64.Build.0 = Debug|x64
		{27EC3352-3BF1-4F3F-933A-B928B88CD7DC}.Debug|x86.ActiveCfg = Debug|Win32
		{27EC3352-3BF1-4F3F-933A-B928B88CD7DC}.Debug|x86.Build.0 = Debug|Win32
		{27EC3352-3BF1-4F3F-933A-B928B88CD7DC}.Release|x64.ActiveCfg = Release|x64
		{27EC3352-3BF1-4F3F-933A-B928B88CD7DC}.Release|x64.Build.0 = Release|x64
		{27EC3352-3BF1-4F3F-933A-B928B88CD7DC}.Release|x86.ActiveCfg = Release|Win32
		{27EC3352-3BF1-4F3F-933A-B928B88CD7DC}.Release|x86.Build.0 = Release|Win32
		{8798CFFD-64C3-458D-A774-27DF0A33F350}.Debug|x64.ActiveCfg = Debug|x64
		{8798CFFD-64C3-458D-A774-27DF0A33F350}.Debug|x64.Build.0 = Debug|x64
		{8798CFFD-64C3-458D-A774-27DF0A33F350}.Debug|x86.ActiveCfg = Debug|Win32
		{8798CFFD-64C3-458D-A774-27DF0A33F350}.Debug|x86.Build.0 = Debug|Win32
		{8798CFFD-64C3-458D-A774-27DF0A33F350}.Release|x64.ActiveCfg = Release|x64
		{8798CFFD-64C3-458D-A774-27DF0A33F350}.Release|x64.Build.0 = Release|x64
		{8798CFFD-64C3-458D-A774-27DF0A33F350}.Release|x86.ActiveCfg = Release|Win32
		{8798CFFD-64C3-458D-A774-27DF0A33F350}.Release|x86.Build.0 = Release|Win32
		{1FDD17C1-3F4C-4FBC-863E-2388B345A162}.Debug|x64.ActiveCfg = Debug|x64
		{1FDD17C1-3F4C-4FBC-863E-2388B345A162}.Debug|x64.Build.0 = Debug|x64
		{1FDD17C1-3F4C-4FBC-863E-2388B345A162}.Debug|x86.ActiveCfg = Debug|Win32
		{1FDD17C1-3F4C-4FBC-863E-2388B345A162}.Debug|x86.Build.0 = Debug|Win32
		{1FDD17C1-3F4C-4FBC-863E-2388B345A162}.Release|x64.ActiveCfg = Release|x64
		{1FDD17C1-3F4C-4FBC-863E-2388B345A162}.Release|x64.Build.0 = Release|x64
		{1FDD17C1-3F4C-4FBC-863E-2388B345A162}.Release|x86.ActiveCfg = Release|Win32
		{1FDD17C1-3F4C-4FBC-863E-2388B345A162}.Release|x86.Build.0 = Release|Win32
	EndGlobalSection
	GlobalSection(SolutionProperties) = preSolution
		HideSolutionNode = FALSE
	EndGlobalSection
	GlobalSection(ExtensibilityGlobals) = postSolution
		SolutionGuid = {7C9D0E33-84B8-4C4F-A009-09CCAFC593D8}
	EndGlobalSection
EndGlobal
